# THIS IS AN AUTOGENERATED FILE. DO NOT EDIT THIS FILE DIRECTLY.
# yarn lockfile v1


"@types/estree@*":
  version "0.0.45"
  resolved "https://registry.yarnpkg.com/@types/estree/-/estree-0.0.45.tgz#e9387572998e5ecdac221950dab3e8c3b16af884"
  integrity sha512-jnqIUKDUqJbDIUxm0Uj7bnlMnRm1T/eZ9N+AVMqhPgzrba2GhGG5o/jCTwmdPK709nEZsGoMzXEDUjcXHa3W0g==

"@types/node@*":
  version "14.14.14"
  resolved "https://registry.yarnpkg.com/@types/node/-/node-14.14.14.tgz#f7fd5f3cc8521301119f63910f0fb965c7d761ae"
  integrity sha512-UHnOPWVWV1z+VV8k6L1HhG7UbGBgIdghqF3l9Ny9ApPghbjICXkUJSd/b9gOgQfjM1r+37cipdw/HJ3F6ICEnQ==

acorn@^7.1.0:
  version "7.4.1"
  resolved "https://registry.yarnpkg.com/acorn/-/acorn-7.4.1.tgz#feaed255973d2e77555b83dbc08851a6c63520fa"
  integrity sha512-nQyp0o1/mNdbTO1PO6kHkwSrmgZ0MT/jCCpNiwbUjGoRN4dlBhqJtoQuCnEOKzgTVwg0ZWiCoQy6SxMebQVh8A==

anova@^1.0.2:
  version "1.0.2"
  resolved "https://registry.yarnpkg.com/anova/-/anova-1.0.2.tgz#ab0b1d84604bf900c2f3c26ab241db315cd366a0"
  integrity sha1-qwsdhGBL+QDC88JqskHbMVzTZqA=
  dependencies:
    statistical-methods "^1.0.2"

cephes@^1.1.2, cephes@^1.2.0:
  version "1.2.0"
  resolved "https://registry.yarnpkg.com/cephes/-/cephes-1.2.0.tgz#4d246b622bc488ab8c982a1f702f0c9f49705d96"
  integrity sha512-twuUuJRrIrsELHz6foJtZlqrz6FC36zoHZJvvThsrM1UWPKxyoilw1Rka6Hk0AmPFKHKUoGwGfAtvNZNtNZu0g==

distributions@^2.1.0:
  version "2.1.0"
  resolved "https://registry.yarnpkg.com/distributions/-/distributions-2.1.0.tgz#7005f01898937fbe6404abda20fa7f4aaaa058e0"
  integrity sha512-4eov7WXRip5Tu0K7Y51W1oVt+DcvkoE0EzsvbLzgedC/n4PUpYXHqk6vo/OH1HteBHp5Vm6cmfnInf9NAXM4qQ==
  dependencies:
    cephes "^1.1.2"

is-any-array@^0.1.0:
  version "0.1.0"
  resolved "https://registry.yarnpkg.com/is-any-array/-/is-any-array-0.1.0.tgz#e5a27965e3371610c10c66bca3be37ee177bdf8e"
  integrity sha512-6Kkl1RnvfdkmXM6ZlP+kELGBMA74Nq5pSOm9gIKDaPRe9KQlIJzonrOgq0Jzn/iElB6F2/olpLgWYeVySzrSRg==
  dependencies:
    rollup "^1.31.1"

ml-anova@^1.1.5:
  version "1.1.5"
  resolved "https://registry.yarnpkg.com/ml-anova/-/ml-anova-1.1.5.tgz#f00292e22810ea4216bc4acdc7653d73eb08d5da"
  integrity sha512-SHJZupgctjVmeqx7eJjFPZTXrAl40yMNXTEHL7rm0PaJMjN7OUn86ovGccgx33fm21XLg9Yske27bW1mt04/mA==
  dependencies:
    cephes "^1.2.0"
    ml-array-mean "^1.1.4"

ml-array-mean@^1.1.4:
  version "1.1.4"
  resolved "https://registry.yarnpkg.com/ml-array-mean/-/ml-array-mean-1.1.4.tgz#900e03b1e10e0e137f7815de86c0116811bad9ab"
  integrity sha512-xGpy4NanZAq2KcVD1Gf0UOjyNNLl1i7hoHqCHYIxxqI+o+KXa9rDAa5eJ9c82hlCx5hJe6AmyWp0e7a8VoK5uA==
  dependencies:
    ml-array-sum "^1.1.4"

ml-array-sum@^1.1.4:
  version "1.1.4"
  resolved "https://registry.yarnpkg.com/ml-array-sum/-/ml-array-sum-1.1.4.tgz#c56d9375db89eebe205e03e6a63bd4dae365968d"
  integrity sha512-e8nve4dwfRWXXRY+/Qt+R3agTLoOwhJxZM51CGyLI2dy+EAOuJy28ed3UePyE4lqkkNBzpormQOShA5pYYhFxg==
  dependencies:
    is-any-array "^0.1.0"

rollup@^1.31.1:
  version "1.32.1"
  resolved "https://registry.yarnpkg.com/rollup/-/rollup-1.32.1.tgz#4480e52d9d9e2ae4b46ba0d9ddeaf3163940f9c4"
  integrity sha512-/2HA0Ec70TvQnXdzynFffkjA6XN+1e2pEv/uKS5Ulca40g2L7KuOE3riasHoNVHOsFD5KKZgDsMk1CP3Tw9s+A==
  dependencies:
    "@types/estree" "*"
    "@types/node" "*"
    acorn "^7.1.0"

statistical-methods@^1.0.2:
  version "1.0.4"
  resolved "https://registry.yarnpkg.com/statistical-methods/-/statistical-methods-1.0.4.tgz#81e3bff63a38f0ad3d700a35c8732efb5b4b601e"
  integrity sha1-geO/9jo48K09cAo1yHMu+1tLYB4=

summary@^2.0.0:
  version "2.1.0"
  resolved "https://registry.yarnpkg.com/summary/-/summary-2.1.0.tgz#be8a49a0aa34eb6ceea56042cae88f8add4b0885"
  integrity sha512-nMIjMrd5Z2nuB2RZCKJfFMjgS3fygbeyGk9PxPPaJR1RIcyN9yn4A63Isovzm3ZtQuEkLBVgMdPup8UeLH7aQw==

ttest@^3.0.0:
  version "3.0.0"
  resolved "https://registry.yarnpkg.com/ttest/-/ttest-3.0.0.tgz#01f491762178b46c1a4841b01829e1e8ff906d0b"
  integrity sha512-bLo+LdYokiDZHVFIWJmC5afoh7wZ+o1h++0XXKh01+yprzz8CnaiGNcbcbqP0e3+iyDqclLI+rM0j/9AwmRljw==
  dependencies:
    distributions "^2.1.0"
    summary "^2.0.0"
